{
  "requires": true,
  "lockfileVersion": 1,
  "dependencies": {
    "@iconify-icons/bx": {
      "version": "1.1.0",
      "resolved": "https://registry.npmjs.org/@iconify-icons/bx/-/bx-1.1.0.tgz",
      "integrity": "sha512-JlCsrgpp4vujb7tDaZtJ/OfeTnsSFyDFSauNO+2ilsHviCb/u3VXbLjdIoDIR5ISGMr0a+W/f0YNOHn3zUqChA==",
      "dev": true
    },
    "@iconify/react": {
      "version": "1.1.4",
      "resolved": "https://registry.npmjs.org/@iconify/react/-/react-1.1.4.tgz",
      "integrity": "sha512-oxq8IMOq8q3nKGiDHbQPC8FcFuBsKve68JWBo140d5LRnj0bv5TB/FE/y01ZSvEZ7PlI2HIrnb2qivPN8kTDgw==",
      "dev": true
    }
  }
}
